Microsoft Visual Studio Solution File, Format Version 12.00
# Visual Studio Version 17
VisualStudioVersion = 17.5.2.0
MinimumVisualStudioVersion = 10.0.40219.1
Project("{FAE04EC0-301F-11D3-BF4B-00C04F79EFBC}") = "ShopAxis.Agent", "ShopAxis.Agent.csproj", "{A91BD9F7-6453-6F4A-3DDB-999C1A36D15E}"
EndProject
Global
	GlobalSection(SolutionConfigurationPlatforms) = preSolution
		Debug|Any CPU = Debug|Any CPU
		Release|Any CPU = Release|Any CPU
	EndGlobalSection
	GlobalSection(ProjectConfigurationPlatforms) = postSolution
		{A91BD9F7-6453-6F4A-3DDB-999C1A36D15E}.Debug|Any CPU.ActiveCfg = Debug|Any CPU
		{A91BD9F7-6453-6F4A-3DDB-999C1A36D15E}.Debug|Any CPU.Build.0 = Debug|Any CPU
		{A91BD9F7-6453-6F4A-3DDB-999C1A36D15E}.Release|Any CPU.ActiveCfg = Release|Any CPU
		{A91BD9F7-6453-6F4A-3DDB-999C1A36D15E}.Release|Any CPU.Build.0 = Release|Any CPU
	EndGlobalSection
	GlobalSection(SolutionProperties) = preSolution
		HideSolutionNode = FALSE
	EndGlobalSection
	GlobalSection(ExtensibilityGlobals) = postSolution
		SolutionGuid = {C2F96085-CCC4-4CFC-A2C7-3052EC09D694}
	EndGlobalSection
EndGlobal
